// !$*UTF8*$!
{
	archiveVersion = 1;
	classes = {
	};
	objectVersion = 50;
	objects = {

/* Begin PBXBuildFile section */
		5DF6A556256790BC00812C9B /* alamofiretestApp.swift in Sources */ = {isa = PBXBuildFile; fileRef = 5DF6A555256790BC00812C9B /* alamofiretestApp.swift */; };
		5DF6A558256790BC00812C9B /* ContentView.swift in Sources */ = {isa = PBXBuildFile; fileRef = 5DF6A557256790BC00812C9B /* ContentView.swift */; };
		5DF6A55A256790C000812C9B /* Assets.xcassets in Resources */ = {isa = PBXBuildFile; fileRef = 5DF6A559256790C000812C9B /* Assets.xcassets */; };
		5DF6A55D256790C000812C9B /* Preview Assets.xcassets in Resources */ = {isa = PBXBuildFile; fileRef = 5DF6A55C256790C000812C9B /* Preview Assets.xcassets */; };
		6CEAB5B4155DD713186E2DE8 /* Pods_alamofiretest.framework in Frameworks */ = {isa = PBXBuildFile; fileRef = 67A8700FEC1CB2CB5C839CDA /* Pods_alamofiretest.framework */; };
/* End PBXBuildFile section */

/* Begin PBXFileReference section */
		4A5894B8C5006B28DB5E446E /* Pods-alamofiretest.release.xcconfig */ = {isa = PBXFileReference; includeInIndex = 1; lastKnownFileType = text.xcconfig; name = "Pods-alamofiretest.release.xcconfig"; path = "Target Support Files/Pods-alamofiretest/Pods-alamofiretest.release.xcconfig"; sourceTree = "<group>"; };
		5DF6A552256790BC00812C9B /* alamofiretest.app */ = {isa = PBXFileReference; explicitFileType = wrapper.application; includeInIndex = 0; path = alamofiretest.app; sourceTree = BUILT_PRODUCTS_DIR; };
		5DF6A555256790BC00812C9B /* alamofiretestApp.swift */ = {isa = PBXFileReference; lastKnownFileType = sourcecode.swift; path = alamofiretestApp.swift; sourceTree = "<group>"; };
		5DF6A557256790BC00812C9B /* ContentView.swift */ = {isa = PBXFileReference; lastKnownFileType = sourcecode.swift; path = ContentView.swift; sourceTree = "<group>"; };
		5DF6A559256790C000812C9B /* Assets.xcassets */ = {isa = PBXFileReference; lastKnownFileType = folder.assetcatalog; path = Assets.xcassets; sourceTree = "<group>"; };
		5DF6A55C256790C000812C9B /* Preview Assets.xcassets */ = {isa = PBXFileReference; lastKnownFileType = folder.assetcatalog; path = "Preview Assets.xcassets"; sourceTree = "<group>"; };
		5DF6A55E256790C000812C9B /* Info.plist */ = {isa = PBXFileReference; lastKnownFileType = text.plist.xml; path = Info.plist; sourceTree = "<group>"; };
		67A8700FEC1CB2CB5C839CDA /* Pods_alamofiretest.framework */ = {isa = PBXFileReference; explicitFileType = wrapper.framework; includeInIndex = 0; path = Pods_alamofiretest.framework; sourceTree = BUILT_PRODUCTS_DIR; };
		CC35885A8D8A1CE4AA52B889 /* Pods-alamofiretest.debug.xcconfig */ = {isa = PBXFileReference; includeInIndex = 1; lastKnownFileType = text.xcconfig; name = "Pods-alamofiretest.debug.xcconfig"; path = "Target Support Files/Pods-alamofiretest/Pods-alamofiretest.debug.xcconfig"; sourceTree = "<group>"; };
/* End PBXFileReference section */

/* Begin PBXFrameworksBuildPhase section */
		5DF6A54F256790BC00812C9B /* Frameworks */ = {
			isa = PBXFrameworksBuildPhase;
			buildActionMask = 2147483647;
			files = (
				6CEAB5B4155DD713186E2DE8 /* Pods_alamofiretest.framework in Frameworks */,
			);
			runOnlyForDeploymentPostprocessing = 0;
		};
/* End PBXFrameworksBuildPhase section */

/* Begin PBXGroup section */
		38C9F27716FDB161427F18F7 /* Pods */ = {
			isa = PBXGroup;
			children = (
				CC35885A8D8A1CE4AA52B889 /* Pods-alamofiretest.debug.xcconfig */,
				4A5894B8C5006B28DB5E446E /* Pods-alamofiretest.release.xcconfig */,
			);
			name = Pods;
			path = Pods;
			sourceTree = "<group>";
		};
		49D9752AAD8DDB664ADCC50A /* Frameworks */ = {
			isa = PBXGroup;
			children = (
				67A8700FEC1CB2CB5C839CDA /* Pods_alamofiretest.framework */,
			);
			name = Frameworks;
			sourceTree = "<group>";
		};
		5DF6A549256790BC00812C9B = {
			isa = PBXGroup;
			children = (
				5DF6A554256790BC00812C9B /* alamofiretest */,
				5DF6A553256790BC00812C9B /* Products */,
				38C9F27716FDB161427F18F7 /* Pods */,
				49D9752AAD8DDB664ADCC50A /* Frameworks */,
			);
			sourceTree = "<group>";
		};
		5DF6A553256790BC00812C9B /* Products */ = {
			isa = PBXGroup;
			children = (
				5DF6A552256790BC00812C9B /* alamofiretest.app */,
			);
			name = Products;
			sourceTree = "<group>";
		};
		5DF6A554256790BC00812C9B /* alamofiretest */ = {
			isa = PBXGroup;
			children = (
				5DF6A555256790BC00812C9B /* alamofiretestApp.swift */,
				5DF6A557256790BC00812C9B /* ContentView.swift */,
				5DF6A559256790C000812C9B /* Assets.xcassets */,
				5DF6A55E256790C000812C9B /* Info.plist */,
				5DF6A55B256790C000812C9B /* Preview Content */,
			);
			path = alamofiretest;
			sourceTree = "<group>";
		};
		5DF6A55B256790C000812C9B /* Preview Content */ = {
			isa = PBXGroup;
			children = (
				5DF6A55C256790C000812C9B /* Preview Assets.xcassets */,
			);
			path = "Preview Content";
			sourceTree = "<group>";
		};
/* End PBXGroup section */

/* Begin PBXNativeTarget section */
		5DF6A551256790BC00812C9B /* alamofiretest */ = {
			isa = PBXNativeTarget;
			buildConfigurationList = 5DF6A561256790C000812C9B /* Build configuration list for PBXNativeTarget "alamofiretest" */;
			buildPhases = (
				0F9C593772CD2A4AAE8DEDEE /* [CP] Check Pods Manifest.lock */,
				5DF6A54E256790BC00812C9B /* Sources */,
				5DF6A54F256790BC00812C9B /* Frameworks */,
				5DF6A550256790BC00812C9B /* Resources */,
				4E607E3171A635E7FB350E71 /* [CP] Embed Pods Frameworks */,
			);
			buildRules = (
			);
			dependencies = (
			);
			name = alamofiretest;
			productName = alamofiretest;
			productReference = 5DF6A552256790BC00812C9B /* alamofiretest.app */;
			productType = "com.apple.product-type.application";
		};
/* End PBXNativeTarget section */

/* Begin PBXProject section */
		5DF6A54A256790BC00812C9B /* Project object */ = {
			isa = PBXProject;
			attributes = {
				LastSwiftUpdateCheck = 1200;
				LastUpgradeCheck = 1200;
				TargetAttributes = {
					5DF6A551256790BC00812C9B = {
						CreatedOnToolsVersion = 12.0;
					};
				};
			};
			buildConfigurationList = 5DF6A54D256790BC00812C9B /* Build configuration list for PBXProject "alamofiretest" */;
			compatibilityVersion = "Xcode 9.3";
			developmentRegion = en;
			hasScannedForEncodings = 0;
			knownRegions = (
				en,
				Base,
			);
			mainGroup = 5DF6A549256790BC00812C9B;
			productRefGroup = 5DF6A553256790BC00812C9B /* Products */;
			projectDirPath = "";
			projectRoot = "";
			targets = (
				5DF6A551256790BC00812C9B /* alamofiretest */,
			);
		};
/* End PBXProject section */

/* Begin PBXResourcesBuildPhase section */
		5DF6A550256790BC00812C9B /* Resources */ = {
			isa = PBXResourcesBuildPhase;
			buildActionMask = 2147483647;
			files = (
				5DF6A55D256790C000812C9B /* Preview Assets.xcassets in Resources */,
				5DF6A55A256790C000812C9B /* Assets.xcassets in Resources */,
			);
			runOnlyForDeploymentPostprocessing = 0;
		};
/* End PBXResourcesBuildPhase section */

/* Begin PBXShellScriptBuildPhase section */
		0F9C593772CD2A4AAE8DEDEE /* [CP] Check Pods Manifest.lock */ = {
			isa = PBXShellScriptBuildPhase;
			buildActionMask = 2147483647;
			files = (
			);
			inputFileListPaths = (
			);
			inputPaths = (
				"${PODS_PODFILE_DIR_PATH}/Podfile.lock",
				"${PODS_ROOT}/Manifest.lock",
			);
			name = "[CP] Check Pods Manifest.lock";
			outputFileListPaths = (
			);
			outputPaths = (
				"$(DERIVED_FILE_DIR)/Pods-alamofiretest-checkManifestLockResult.txt",
			);
			runOnlyForDeploymentPostprocessing = 0;
			shellPath = /bin/sh;
			shellScript = "diff \"${PODS_PODFILE_DIR_PATH}/Podfile.lock\" \"${PODS_ROOT}/Manifest.lock\" > /dev/null\nif [ $? != 0 ] ; then\n    # print error to STDERR\n    echo \"error: The sandbox is not in sync with the Podfile.lock. Run 'pod install' or update your CocoaPods installation.\" >&2\n    exit 1\nfi\n# This output is used by Xcode 'outputs' to avoid re-running this script phase.\necho \"SUCCESS\" > \"${SCRIPT_OUTPUT_FILE_0}\"\n";
			showEnvVarsInLog = 0;
		};
		4E607E3171A635E7FB350E71 /* [CP] Embed Pods Frameworks */ = {
			isa = PBXShellScriptBuildPhase;
			buildActionMask = 2147483647;
			files = (
			);
			inputFileListPaths = (
				"${PODS_ROOT}/Target Support Files/Pods-alamofiretest/Pods-alamofiretest-frameworks-${CONFIGURATION}-input-files.xcfilelist",
			);
			name = "[CP] Embed Pods Frameworks";
			outputFileListPaths = (
				"${PODS_ROOT}/Target Support Files/Pods-alamofiretest/Pods-alamofiretest-frameworks-${CONFIGURATION}-output-files.xcfilelist",
			);
			runOnlyForDeploymentPostprocessing = 0;
			shellPath = /bin/sh;
			shellScript = "\"${PODS_ROOT}/Target Support Files/Pods-alamofiretest/Pods-alamofiretest-frameworks.sh\"\n";
			showEnvVarsInLog = 0;
		};
/* End PBXShellScriptBuildPhase section */

/* Begin PBXSourcesBuildPhase section */
		5DF6A54E256790BC00812C9B /* Sources */ = {
			isa = PBXSourcesBuildPhase;
			buildActionMask = 2147483647;
			files = (
				5DF6A558256790BC00812C9B /* ContentView.swift in Sources */,
				5DF6A556256790BC00812C9B /* alamofiretestApp.swift in Sources */,
			);
			runOnlyForDeploymentPostprocessing = 0;
		};
/* End PBXSourcesBuildPhase section */

/* Begin XCBuildConfiguration section */
		5DF6A55F256790C000812C9B /* Debug */ = {
			isa = XCBuildConfiguration;
			buildSettings = {
				ALWAYS_SEARCH_USER_PATHS = NO;
				CLANG_ANALYZER_NONNULL = YES;
				CLANG_ANALYZER_NUMBER_OBJECT_CONVERSION = YES_AGGRESSIVE;
				CLANG_CXX_LANGUAGE_STANDARD = "gnu++14";
				CLANG_CXX_LIBRARY = "libc++";
				CLANG_ENABLE_MODULES = YES;
				CLANG_ENABLE_OBJC_ARC = YES;
				CLANG_ENABLE_OBJC_WEAK = YES;
				CLANG_WARN_BLOCK_CAPTURE_AUTORELEASING = YES;
				CLANG_WARN_BOOL_CONVERSION = YES;
				CLANG_WARN_COMMA = YES;
				CLANG_WARN_CONSTANT_CONVERSION = YES;
				CLANG_WARN_DEPRECATED_OBJC_IMPLEMENTATIONS = YES;
				CLANG_WARN_DIRECT_OBJC_ISA_USAGE = YES_ERROR;
				CLANG_WARN_DOCUMENTATION_COMMENTS = YES;
				CLANG_WARN_EMPTY_BODY = YES;
				CLANG_WARN_ENUM_CONVERSION = YES;
				CLANG_WARN_INFINITE_RECURSION = YES;
				CLANG_WARN_INT_CONVERSION = YES;
				CLANG_WARN_NON_LITERAL_NULL_CONVERSION = YES;
				CLANG_WARN_OBJC_IMPLICIT_RETAIN_SELF = YES;
				CLANG_WARN_OBJC_LITERAL_CONVERSION = YES;
				CLANG_WARN_OBJC_ROOT_CLASS = YES_ERROR;
				CLANG_WARN_QUOTED_INCLUDE_IN_FRAMEWORK_HEADER = YES;
				CLANG_WARN_RANGE_LOOP_ANALYSIS = YES;
				CLANG_WARN_STRICT_PROTOTYPES = YES;
				CLANG_WARN_SUSPICIOUS_MOVE = YES;
				CLANG_WARN_UNGUARDED_AVAILABILITY = YES_AGGRESSIVE;
				CLANG_WARN_UNREACHABLE_CODE = YES;
				CLANG_WARN__DUPLICATE_METHOD_MATCH = YES;
				COPY_PHASE_STRIP = NO;
				DEBUG_INFORMATION_FORMAT = dwarf;
				ENABLE_STRICT_OBJC_MSGSEND = YES;
				ENABLE_TESTABILITY = YES;
				GCC_C_LANGUAGE_STANDARD = gnu11;
				GCC_DYNAMIC_NO_PIC = NO;
				GCC_NO_COMMON_BLOCKS = YES;
				GCC_OPTIMIZATION_LEVEL = 0;
				GCC_PREPROCESSOR_DEFINITIONS = (
					"DEBUG=1",
					"$(inherited)",
				);
				GCC_WARN_64_TO_32_BIT_CONVERSION = YES;
				GCC_WARN_ABOUT_RETURN_TYPE = YES_ERROR;
				GCC_WARN_UNDECLARED_SELECTOR = YES;
				GCC_WARN_UNINITIALIZED_AUTOS = YES_AGGRESSIVE;
				GCC_WARN_UNUSED_FUNCTION = YES;
				GCC_WARN_UNUSED_VARIABLE = YES;
				IPHONEOS_DEPLOYMENT_TARGET = 14.0;
				MTL_ENABLE_DEBUG_INFO = INCLUDE_SOURCE;
				MTL_FAST_MATH = YES;
				ONLY_ACTIVE_ARCH = YES;
				SDKROOT = iphoneos;
				SWIFT_ACTIVE_COMPILATION_CONDITIONS = DEBUG;
				SWIFT_OPTIMIZATION_LEVEL = "-Onone";
			};
			name = Debug;
		};
		5DF6A560256790C000812C9B /* Release */ = {
			isa = XCBuildConfiguration;
			buildSettings = {
				ALWAYS_SEARCH_USER_PATHS = NO;
				CLANG_ANALYZER_NONNULL = YES;
				CLANG_ANALYZER_NUMBER_OBJECT_CONVERSION = YES_AGGRESSIVE;
				CLANG_CXX_LANGUAGE_STANDARD = "gnu++14";
				CLANG_CXX_LIBRARY = "libc++";
				CLANG_ENABLE_MODULES = YES;
				CLANG_ENABLE_OBJC_ARC = YES;
				CLANG_ENABLE_OBJC_WEAK = YES;
				CLANG_WARN_BLOCK_CAPTURE_AUTORELEASING = YES;
				CLANG_WARN_BOOL_CONVERSION = YES;
				CLANG_WARN_COMMA = YES;
				CLANG_WARN_CONSTANT_CONVERSION = YES;
				CLANG_WARN_DEPRECATED_OBJC_IMPLEMENTATIONS = YES;
				CLANG_WARN_DIRECT_OBJC_ISA_USAGE = YES_ERROR;
				CLANG_WARN_DOCUMENTATION_COMMENTS = YES;
				CLANG_WARN_EMPTY_BODY = YES;
				CLANG_WARN_ENUM_CONVERSION = YES;
				CLANG_WARN_INFINITE_RECURSION = YES;
				CLANG_WARN_INT_CONVERSION = YES;
				CLANG_WARN_NON_LITERAL_NULL_CONVERSION = YES;
				CLANG_WARN_OBJC_IMPLICIT_RETAIN_SELF = YES;
				CLANG_WARN_OBJC_LITERAL_CONVERSION = YES;
				CLANG_WARN_OBJC_ROOT_CLASS = YES_ERROR;
				CLANG_WARN_QUOTED_INCLUDE_IN_FRAMEWORK_HEADER = YES;
				CLANG_WARN_RANGE_LOOP_ANALYSIS = YES;
				CLANG_WARN_STRICT_PROTOTYPES = YES;
				CLANG_WARN_SUSPICIOUS_MOVE = YES;
				CLANG_WARN_UNGUARDED_AVAILABILITY = YES_AGGRESSIVE;
				CLANG_WARN_UNREACHABLE_CODE = YES;
				CLANG_WARN__DUPLICATE_METHOD_MATCH = YES;
				COPY_PHASE_STRIP = NO;
				DEBUG_INFORMATION_FORMAT = "dwarf-with-dsym";
				ENABLE_NS_ASSERTIONS = NO;
				ENABLE_STRICT_OBJC_MSGSEND = YES;
				GCC_C_LANGUAGE_STANDARD = gnu11;
				GCC_NO_COMMON_BLOCKS = YES;
				GCC_WARN_64_TO_32_BIT_CONVERSION = YES;
				GCC_WARN_ABOUT_RETURN_TYPE = YES_ERROR;
				GCC_WARN_UNDECLARED_SELECTOR = YES;
				GCC_WARN_UNINITIALIZED_AUTOS = YES_AGGRESSIVE;
				GCC_WARN_UNUSED_FUNCTION = YES;
				GCC_WARN_UNUSED_VARIABLE = YES;
				IPHONEOS_DEPLOYMENT_TARGET = 14.0;
				MTL_ENABLE_DEBUG_INFO = NO;
				MTL_FAST_MATH = YES;
				SDKROOT = iphoneos;
				SWIFT_COMPILATION_MODE = wholemodule;
				SWIFT_OPTIMIZATION_LEVEL = "-O";
				VALIDATE_PRODUCT = YES;
			};
			name = Release;
		};
		5DF6A562256790C000812C9B /* Debug */ = {
			isa = XCBuildConfiguration;
			baseConfigurationReference = CC35885A8D8A1CE4AA52B889 /* Pods-alamofiretest.debug.xcconfig */;
			buildSettings = {
				ASSETCATALOG_COMPILER_APPICON_NAME = AppIcon;
				ASSETCATALOG_COMPILER_GLOBAL_ACCENT_COLOR_NAME = AccentColor;
				CODE_SIGN_STYLE = Automatic;
				DEVELOPMENT_ASSET_PATHS = "\"alamofiretest/Preview Content\"";
				DEVELOPMENT_TEAM = 8LA82E9LW5;
				ENABLE_PREVIEWS = YES;
				INFOPLIST_FILE = alamofiretest/Info.plist;
				IPHONEOS_DEPLOYMENT_TARGET = 14.0;
				LD_RUNPATH_SEARCH_PATHS = (
					"$(inherited)",
					"@executable_path/Frameworks",
				);
				PRODUCT_BUNDLE_IDENTIFIER = com.simonphutchinson.alamofiretest;
				PRODUCT_NAME = "$(TARGET_NAME)";
				SWIFT_VERSION = 5.0;
				TARGETED_DEVICE_FAMILY = "1,2";
			};
			name = Debug;
		};
		5DF6A563256790C000812C9B /* Release */ = {
			isa = XCBuildConfiguration;
			baseConfigurationReference = 4A5894B8C5006B28DB5E446E /* Pods-alamofiretest.release.xcconfig */;
			buildSettings = {
				ASSETCATALOG_COMPILER_APPICON_NAME = AppIcon;
				ASSETCATALOG_COMPILER_GLOBAL_ACCENT_COLOR_NAME = AccentColor;
				CODE_SIGN_STYLE = Automatic;
				DEVELOPMENT_ASSET_PATHS = "\"alamofiretest/Preview Content\"";
				DEVELOPMENT_TEAM = 8LA82E9LW5;
				ENABLE_PREVIEWS = YES;
				INFOPLIST_FILE = alamofiretest/Info.plist;
				IPHONEOS_DEPLOYMENT_TARGET = 14.0;
				LD_RUNPATH_SEARCH_PATHS = (
					"$(inherited)",
					"@executable_path/Frameworks",
				);
				PRODUCT_BUNDLE_IDENTIFIER = com.simonphutchinson.alamofiretest;
				PRODUCT_NAME = "$(TARGET_NAME)";
				SWIFT_VERSION = 5.0;
				TARGETED_DEVICE_FAMILY = "1,2";
			};
			name = Release;
		};
/* End XCBuildConfiguration section */

/* Begin XCConfigurationList section */
		5DF6A54D256790BC00812C9B /* Build configuration list for PBXProject "alamofiretest" */ = {
			isa = XCConfigurationList;
			buildConfigurations = (
				5DF6A55F256790C000812C9B /* Debug */,
				5DF6A560256790C000812C9B /* Release */,
			);
			defaultConfigurationIsVisible = 0;
			defaultConfigurationName = Release;
		};
		5DF6A561256790C000812C9B /* Build configuration list for PBXNativeTarget "alamofiretest" */ = {
			isa = XCConfigurationList;
			buildConfigurations = (
				5DF6A562256790C000812C9B /* Debug */,
				5DF6A563256790C000812C9B /* Release */,
			);
			defaultConfigurationIsVisible = 0;
			defaultConfigurationName = Release;
		};
/* End XCConfigurationList section */
	};
	rootObject = 5DF6A54A256790BC00812C9B /* Project object */;
}
